
Microsoft Visual Studio Solution File, Format Version 12.00
# Visual Studio Version 17
VisualStudioVersion = 17.10.35027.167
MinimumVisualStudioVersion = 10.0.40219.1
Project("{9A19103F-16F7-4668-BE54-9A1E7A4F7556}") = "LogMkApi", "LogMkApi\LogMkApi.csproj", "{960E36A8-1E9B-497D-BD91-2BBF09684D36}"
EndProject
Project("{9A19103F-16F7-4668-BE54-9A1E7A4F7556}") = "LogMkAgent", "LogMkAgent\LogMkAgent.csproj", "{AD9419CD-E90E-4DE9-983C-533412F2CF79}"
EndProject
Project("{FAE04EC0-301F-11D3-BF4B-00C04F79EFBC}") = "LogMkCommon", "LogMkCommon\LogMkCommon.csproj", "{1DA0E6AF-4D52-4837-BB0F-803255582F95}"
EndProject
Project("{54A90642-561A-4BB1-A94E-469ADEE60C69}") = "logmk", "LogMkWeb\logmk.esproj", "{DB0AC211-D6C7-442B-9F6F-C87CB78BE305}"
EndProject
Project("{2150E333-8FDC-42A3-9474-1A3956D46DE8}") = "solution-files", "solution-files", "{990DBF62-9D81-40AF-888B-DF4DD60E2B35}"
	ProjectSection(SolutionItems) = preProject
		..\.github\workflows\docker-image.yml = ..\.github\workflows\docker-image.yml
	EndProjectSection
EndProject
Global
	GlobalSection(SolutionConfigurationPlatforms) = preSolution
		Debug|Any CPU = Debug|Any CPU
		Release|Any CPU = Release|Any CPU
	EndGlobalSection
	GlobalSection(ProjectConfigurationPlatforms) = postSolution
		{960E36A8-1E9B-497D-BD91-2BBF09684D36}.Debug|Any CPU.ActiveCfg = Debug|Any CPU
		{960E36A8-1E9B-497D-BD91-2BBF09684D36}.Debug|Any CPU.Build.0 = Debug|Any CPU
		{960E36A8-1E9B-497D-BD91-2BBF09684D36}.Release|Any CPU.ActiveCfg = Release|Any CPU
		{960E36A8-1E9B-497D-BD91-2BBF09684D36}.Release|Any CPU.Build.0 = Release|Any CPU
		{AD9419CD-E90E-4DE9-983C-533412F2CF79}.Debug|Any CPU.ActiveCfg = Debug|Any CPU
		{AD9419CD-E90E-4DE9-983C-533412F2CF79}.Debug|Any CPU.Build.0 = Debug|Any CPU
		{AD9419CD-E90E-4DE9-983C-533412F2CF79}.Release|Any CPU.ActiveCfg = Release|Any CPU
		{AD9419CD-E90E-4DE9-983C-533412F2CF79}.Release|Any CPU.Build.0 = Release|Any CPU
		{1DA0E6AF-4D52-4837-BB0F-803255582F95}.Debug|Any CPU.ActiveCfg = Debug|Any CPU
		{1DA0E6AF-4D52-4837-BB0F-803255582F95}.Debug|Any CPU.Build.0 = Debug|Any CPU
		{1DA0E6AF-4D52-4837-BB0F-803255582F95}.Release|Any CPU.ActiveCfg = Release|Any CPU
		{1DA0E6AF-4D52-4837-BB0F-803255582F95}.Release|Any CPU.Build.0 = Release|Any CPU
		{DB0AC211-D6C7-442B-9F6F-C87CB78BE305}.Debug|Any CPU.ActiveCfg = Debug|Any CPU
		{DB0AC211-D6C7-442B-9F6F-C87CB78BE305}.Debug|Any CPU.Build.0 = Debug|Any CPU
		{DB0AC211-D6C7-442B-9F6F-C87CB78BE305}.Debug|Any CPU.Deploy.0 = Debug|Any CPU
		{DB0AC211-D6C7-442B-9F6F-C87CB78BE305}.Release|Any CPU.ActiveCfg = Release|Any CPU
		{DB0AC211-D6C7-442B-9F6F-C87CB78BE305}.Release|Any CPU.Build.0 = Release|Any CPU
		{DB0AC211-D6C7-442B-9F6F-C87CB78BE305}.Release|Any CPU.Deploy.0 = Release|Any CPU
	EndGlobalSection
	GlobalSection(SolutionProperties) = preSolution
		HideSolutionNode = FALSE
	EndGlobalSection
	GlobalSection(ExtensibilityGlobals) = postSolution
		SolutionGuid = {450DA359-B9DD-48B4-9367-901DC9DECE1C}
	EndGlobalSection
EndGlobal
